
Microsoft Visual Studio Solution File, Format Version 12.00
# Visual Studio 15
VisualStudioVersion = 15.0.27130.2027
MinimumVisualStudioVersion = 10.0.40219.1
Project("{9A19103F-16F7-4668-BE54-9A1E7A4F7556}") = "AWSTerminator", "AWSTerminator.csproj", "{DC40A333-F7A4-4D2F-8115-9DCB5509F9CB}"
EndProject
Project("{9A19103F-16F7-4668-BE54-9A1E7A4F7556}") = "AWSWrapper", "..\AWSWrapper\AWSWrapper.csproj", "{00A6F45F-1AA1-490E-8B2C-CE815F5B1EB0}"
EndProject
Project("{9A19103F-16F7-4668-BE54-9A1E7A4F7556}") = "Asmodat Standard", "..\Asmodat-Standard\Asmodat Standard\Asmodat Standard.csproj", "{FCF41FF5-FA51-46B4-9AFD-DEC87E4E736D}"
EndProject
Project("{9A19103F-16F7-4668-BE54-9A1E7A4F7556}") = "Asmodat Standard Test", "..\Asmodat-Standard\Asmodat Standard Test\Asmodat Standard Test.csproj", "{AFE20BBB-BDF8-4F23-A852-BA9DB9A3B74B}"
EndProject
Global
	GlobalSection(SolutionConfigurationPlatforms) = preSolution
		Debug|Any CPU = Debug|Any CPU
		Debug|x64 = Debug|x64
		Release|Any CPU = Release|Any CPU
		Release|x64 = Release|x64
	EndGlobalSection
	GlobalSection(ProjectConfigurationPlatforms) = postSolution
		{DC40A333-F7A4-4D2F-8115-9DCB5509F9CB}.Debug|Any CPU.ActiveCfg = Debug|Any CPU
		{DC40A333-F7A4-4D2F-8115-9DCB5509F9CB}.Debug|Any CPU.Build.0 = Debug|Any CPU
		{DC40A333-F7A4-4D2F-8115-9DCB5509F9CB}.Debug|x64.ActiveCfg = Debug|Any CPU
		{DC40A333-F7A4-4D2F-8115-9DCB5509F9CB}.Debug|x64.Build.0 = Debug|Any CPU
		{DC40A333-F7A4-4D2F-8115-9DCB5509F9CB}.Release|Any CPU.ActiveCfg = Release|Any CPU
		{DC40A333-F7A4-4D2F-8115-9DCB5509F9CB}.Release|Any CPU.Build.0 = Release|Any CPU
		{DC40A333-F7A4-4D2F-8115-9DCB5509F9CB}.Release|x64.ActiveCfg = Release|Any CPU
		{DC40A333-F7A4-4D2F-8115-9DCB5509F9CB}.Release|x64.Build.0 = Release|Any CPU
		{00A6F45F-1AA1-490E-8B2C-CE815F5B1EB0}.Debug|Any CPU.ActiveCfg = Debug|Any CPU
		{00A6F45F-1AA1-490E-8B2C-CE815F5B1EB0}.Debug|Any CPU.Build.0 = Debug|Any CPU
		{00A6F45F-1AA1-490E-8B2C-CE815F5B1EB0}.Debug|x64.ActiveCfg = Debug|Any CPU
		{00A6F45F-1AA1-490E-8B2C-CE815F5B1EB0}.Debug|x64.Build.0 = Debug|Any CPU
		{00A6F45F-1AA1-490E-8B2C-CE815F5B1EB0}.Release|Any CPU.ActiveCfg = Release|Any CPU
		{00A6F45F-1AA1-490E-8B2C-CE815F5B1EB0}.Release|Any CPU.Build.0 = Release|Any CPU
		{00A6F45F-1AA1-490E-8B2C-CE815F5B1EB0}.Release|x64.ActiveCfg = Release|Any CPU
		{00A6F45F-1AA1-490E-8B2C-CE815F5B1EB0}.Release|x64.Build.0 = Release|Any CPU
		{FCF41FF5-FA51-46B4-9AFD-DEC87E4E736D}.Debug|Any CPU.ActiveCfg = Debug|Any CPU
		{FCF41FF5-FA51-46B4-9AFD-DEC87E4E736D}.Debug|Any CPU.Build.0 = Debug|Any CPU
		{FCF41FF5-FA51-46B4-9AFD-DEC87E4E736D}.Debug|x64.ActiveCfg = Debug|x64
		{FCF41FF5-FA51-46B4-9AFD-DEC87E4E736D}.Debug|x64.Build.0 = Debug|x64
		{FCF41FF5-FA51-46B4-9AFD-DEC87E4E736D}.Release|Any CPU.ActiveCfg = Release|Any CPU
		{FCF41FF5-FA51-46B4-9AFD-DEC87E4E736D}.Release|Any CPU.Build.0 = Release|Any CPU
		{FCF41FF5-FA51-46B4-9AFD-DEC87E4E736D}.Release|x64.ActiveCfg = Release|x64
		{FCF41FF5-FA51-46B4-9AFD-DEC87E4E736D}.Release|x64.Build.0 = Release|x64
		{AFE20BBB-BDF8-4F23-A852-BA9DB9A3B74B}.Debug|Any CPU.ActiveCfg = Debug|Any CPU
		{AFE20BBB-BDF8-4F23-A852-BA9DB9A3B74B}.Debug|Any CPU.Build.0 = Debug|Any CPU
		{AFE20BBB-BDF8-4F23-A852-BA9DB9A3B74B}.Debug|x64.ActiveCfg = Debug|x64
		{AFE20BBB-BDF8-4F23-A852-BA9DB9A3B74B}.Debug|x64.Build.0 = Debug|x64
		{AFE20BBB-BDF8-4F23-A852-BA9DB9A3B74B}.Release|Any CPU.ActiveCfg = Release|Any CPU
		{AFE20BBB-BDF8-4F23-A852-BA9DB9A3B74B}.Release|Any CPU.Build.0 = Release|Any CPU
		{AFE20BBB-BDF8-4F23-A852-BA9DB9A3B74B}.Release|x64.ActiveCfg = Release|x64
		{AFE20BBB-BDF8-4F23-A852-BA9DB9A3B74B}.Release|x64.Build.0 = Release|x64
	EndGlobalSection
	GlobalSection(SolutionProperties) = preSolution
		HideSolutionNode = FALSE
	EndGlobalSection
	GlobalSection(ExtensibilityGlobals) = postSolution
		SolutionGuid = {D2369031-5D6A-462D-8220-7B02EA158B1F}
	EndGlobalSection
EndGlobal
